
Microsoft Visual Studio Solution File, Format Version 12.00
# Visual Studio Version 17
VisualStudioVersion = 17.13.35919.96 d17.13
MinimumVisualStudioVersion = 10.0.40219.1
Project("{FAE04EC0-301F-11D3-BF4B-00C04F79EFBC}") = "GYMApp", "GYMApp\GYMApp.csproj", "{13C32B15-CDED-4561-B23B-D8FAFEF51A93}"
EndProject
Global
	GlobalSection(SolutionConfigurationPlatforms) = preSolution
		Debug|Any CPU = Debug|Any CPU
		Release|Any CPU = Release|Any CPU
	EndGlobalSection
	GlobalSection(ProjectConfigurationPlatforms) = postSolution
		{13C32B15-CDED-4561-B23B-D8FAFEF51A93}.Debug|Any CPU.ActiveCfg = Debug|Any CPU
		{13C32B15-CDED-4561-B23B-D8FAFEF51A93}.Debug|Any CPU.Build.0 = Debug|Any CPU
		{13C32B15-CDED-4561-B23B-D8FAFEF51A93}.Release|Any CPU.ActiveCfg = Release|Any CPU
		{13C32B15-CDED-4561-B23B-D8FAFEF51A93}.Release|Any CPU.Build.0 = Release|Any CPU
	EndGlobalSection
	GlobalSection(SolutionProperties) = preSolution
		HideSolutionNode = FALSE
	EndGlobalSection
	GlobalSection(ExtensibilityGlobals) = postSolution
		SolutionGuid = {15C155C5-40AE-4CD1-9457-EF1E327B9B42}
	EndGlobalSection
EndGlobal
